// !$*UTF8*$!
{
	archiveVersion = 1;
	classes = {
	};
	objectVersion = 50;
	objects = {

/* Begin PBXBuildFile section */
		2E376A4322BF13F800F2B0CA /* level5.txt in Resources */ = {isa = PBXBuildFile; fileRef = 2E376A3F22BF13F800F2B0CA /* level5.txt */; };
		2E376A4422BF13F800F2B0CA /* level4.txt in Resources */ = {isa = PBXBuildFile; fileRef = 2E376A4022BF13F800F2B0CA /* level4.txt */; };
		2E376A4522BF13F800F2B0CA /* level3.txt in Resources */ = {isa = PBXBuildFile; fileRef = 2E376A4122BF13F800F2B0CA /* level3.txt */; };
		2E376A4622BF13F800F2B0CA /* level2.txt in Resources */ = {isa = PBXBuildFile; fileRef = 2E376A4222BF13F800F2B0CA /* level2.txt */; };
		2E90F20622B45F060086EFBC /* AppDelegate.swift in Sources */ = {isa = PBXBuildFile; fileRef = 2E90F20522B45F060086EFBC /* AppDelegate.swift */; };
		2E90F20822B45F060086EFBC /* GameScene.sks in Resources */ = {isa = PBXBuildFile; fileRef = 2E90F20722B45F060086EFBC /* GameScene.sks */; };
		2E90F20C22B45F060086EFBC /* GameScene.swift in Sources */ = {isa = PBXBuildFile; fileRef = 2E90F20B22B45F060086EFBC /* GameScene.swift */; };
		2E90F20E22B45F060086EFBC /* GameViewController.swift in Sources */ = {isa = PBXBuildFile; fileRef = 2E90F20D22B45F060086EFBC /* GameViewController.swift */; };
		2E90F21122B45F060086EFBC /* Main.storyboard in Resources */ = {isa = PBXBuildFile; fileRef = 2E90F20F22B45F060086EFBC /* Main.storyboard */; };
		2E90F21322B45F080086EFBC /* Assets.xcassets in Resources */ = {isa = PBXBuildFile; fileRef = 2E90F21222B45F080086EFBC /* Assets.xcassets */; };
		2E90F21622B45F080086EFBC /* LaunchScreen.storyboard in Resources */ = {isa = PBXBuildFile; fileRef = 2E90F21422B45F080086EFBC /* LaunchScreen.storyboard */; };
		2E90F21E22B460080086EFBC /* level1.txt in Resources */ = {isa = PBXBuildFile; fileRef = 2E90F21D22B460080086EFBC /* level1.txt */; };
/* End PBXBuildFile section */

/* Begin PBXFileReference section */
		2E376A3F22BF13F800F2B0CA /* level5.txt */ = {isa = PBXFileReference; fileEncoding = 4; lastKnownFileType = text; path = level5.txt; sourceTree = "<group>"; };
		2E376A4022BF13F800F2B0CA /* level4.txt */ = {isa = PBXFileReference; fileEncoding = 4; lastKnownFileType = text; path = level4.txt; sourceTree = "<group>"; };
		2E376A4122BF13F800F2B0CA /* level3.txt */ = {isa = PBXFileReference; fileEncoding = 4; lastKnownFileType = text; path = level3.txt; sourceTree = "<group>"; };
		2E376A4222BF13F800F2B0CA /* level2.txt */ = {isa = PBXFileReference; fileEncoding = 4; lastKnownFileType = text; path = level2.txt; sourceTree = "<group>"; };
		2E90F20222B45F060086EFBC /* Project26.app */ = {isa = PBXFileReference; explicitFileType = wrapper.application; includeInIndex = 0; path = Project26.app; sourceTree = BUILT_PRODUCTS_DIR; };
		2E90F20522B45F060086EFBC /* AppDelegate.swift */ = {isa = PBXFileReference; lastKnownFileType = sourcecode.swift; path = AppDelegate.swift; sourceTree = "<group>"; };
		2E90F20722B45F060086EFBC /* GameScene.sks */ = {isa = PBXFileReference; lastKnownFileType = file.sks; path = GameScene.sks; sourceTree = "<group>"; };
		2E90F20B22B45F060086EFBC /* GameScene.swift */ = {isa = PBXFileReference; lastKnownFileType = sourcecode.swift; path = GameScene.swift; sourceTree = "<group>"; };
		2E90F20D22B45F060086EFBC /* GameViewController.swift */ = {isa = PBXFileReference; lastKnownFileType = sourcecode.swift; path = GameViewController.swift; sourceTree = "<group>"; };
		2E90F21022B45F060086EFBC /* Base */ = {isa = PBXFileReference; lastKnownFileType = file.storyboard; name = Base; path = Base.lproj/Main.storyboard; sourceTree = "<group>"; };
		2E90F21222B45F080086EFBC /* Assets.xcassets */ = {isa = PBXFileReference; lastKnownFileType = folder.assetcatalog; path = Assets.xcassets; sourceTree = "<group>"; };
		2E90F21522B45F080086EFBC /* Base */ = {isa = PBXFileReference; lastKnownFileType = file.storyboard; name = Base; path = Base.lproj/LaunchScreen.storyboard; sourceTree = "<group>"; };
		2E90F21722B45F080086EFBC /* Info.plist */ = {isa = PBXFileReference; lastKnownFileType = text.plist.xml; path = Info.plist; sourceTree = "<group>"; };
		2E90F21D22B460080086EFBC /* level1.txt */ = {isa = PBXFileReference; fileEncoding = 4; lastKnownFileType = text; path = level1.txt; sourceTree = "<group>"; };
/* End PBXFileReference section */

/* Begin PBXFrameworksBuildPhase section */
		2E90F1FF22B45F060086EFBC /* Frameworks */ = {
			isa = PBXFrameworksBuildPhase;
			buildActionMask = 2147483647;
			files = (
			);
			runOnlyForDeploymentPostprocessing = 0;
		};
/* End PBXFrameworksBuildPhase section */

/* Begin PBXGroup section */
		2E90F1F922B45F060086EFBC = {
			isa = PBXGroup;
			children = (
				2E90F20422B45F060086EFBC /* Project26-Challenges */,
				2E90F20322B45F060086EFBC /* Products */,
			);
			sourceTree = "<group>";
		};
		2E90F20322B45F060086EFBC /* Products */ = {
			isa = PBXGroup;
			children = (
				2E90F20222B45F060086EFBC /* Project26.app */,
			);
			name = Products;
			sourceTree = "<group>";
		};
		2E90F20422B45F060086EFBC /* Project26-Challenges */ = {
			isa = PBXGroup;
			children = (
				2E90F20522B45F060086EFBC /* AppDelegate.swift */,
				2E90F20722B45F060086EFBC /* GameScene.sks */,
				2E90F20B22B45F060086EFBC /* GameScene.swift */,
				2E90F20D22B45F060086EFBC /* GameViewController.swift */,
				2E90F20F22B45F060086EFBC /* Main.storyboard */,
				2E90F21222B45F080086EFBC /* Assets.xcassets */,
				2E90F21422B45F080086EFBC /* LaunchScreen.storyboard */,
				2E90F21722B45F080086EFBC /* Info.plist */,
				2E90F21D22B460080086EFBC /* level1.txt */,
				2E376A4222BF13F800F2B0CA /* level2.txt */,
				2E376A4122BF13F800F2B0CA /* level3.txt */,
				2E376A4022BF13F800F2B0CA /* level4.txt */,
				2E376A3F22BF13F800F2B0CA /* level5.txt */,
			);
			path = "Project26-Challenges";
			sourceTree = "<group>";
		};
/* End PBXGroup section */

/* Begin PBXNativeTarget section */
		2E90F20122B45F060086EFBC /* Project26 */ = {
			isa = PBXNativeTarget;
			buildConfigurationList = 2E90F21A22B45F080086EFBC /* Build configuration list for PBXNativeTarget "Project26" */;
			buildPhases = (
				2E90F1FE22B45F060086EFBC /* Sources */,
				2E90F1FF22B45F060086EFBC /* Frameworks */,
				2E90F20022B45F060086EFBC /* Resources */,
			);
			buildRules = (
			);
			dependencies = (
			);
			name = Project26;
			productName = Project26;
			productReference = 2E90F20222B45F060086EFBC /* Project26.app */;
			productType = "com.apple.product-type.application";
		};
/* End PBXNativeTarget section */

/* Begin PBXProject section */
		2E90F1FA22B45F060086EFBC /* Project object */ = {
			isa = PBXProject;
			attributes = {
				LastSwiftUpdateCheck = 1020;
				LastUpgradeCheck = 1020;
				ORGANIZATIONNAME = "Christopher Weirup";
				TargetAttributes = {
					2E90F20122B45F060086EFBC = {
						CreatedOnToolsVersion = 10.2.1;
					};
				};
			};
			buildConfigurationList = 2E90F1FD22B45F060086EFBC /* Build configuration list for PBXProject "Project26" */;
			compatibilityVersion = "Xcode 9.3";
			developmentRegion = en;
			hasScannedForEncodings = 0;
			knownRegions = (
				en,
				Base,
			);
			mainGroup = 2E90F1F922B45F060086EFBC;
			productRefGroup = 2E90F20322B45F060086EFBC /* Products */;
			projectDirPath = "";
			projectRoot = "";
			targets = (
				2E90F20122B45F060086EFBC /* Project26 */,
			);
		};
/* End PBXProject section */

/* Begin PBXResourcesBuildPhase section */
		2E90F20022B45F060086EFBC /* Resources */ = {
			isa = PBXResourcesBuildPhase;
			buildActionMask = 2147483647;
			files = (
				2E90F21E22B460080086EFBC /* level1.txt in Resources */,
				2E90F21122B45F060086EFBC /* Main.storyboard in Resources */,
				2E90F20822B45F060086EFBC /* GameScene.sks in Resources */,
				2E376A4522BF13F800F2B0CA /* level3.txt in Resources */,
				2E90F21322B45F080086EFBC /* Assets.xcassets in Resources */,
				2E90F21622B45F080086EFBC /* LaunchScreen.storyboard in Resources */,
				2E376A4322BF13F800F2B0CA /* level5.txt in Resources */,
				2E376A4422BF13F800F2B0CA /* level4.txt in Resources */,
				2E376A4622BF13F800F2B0CA /* level2.txt in Resources */,
			);
			runOnlyForDeploymentPostprocessing = 0;
		};
/* End PBXResourcesBuildPhase section */

/* Begin PBXSourcesBuildPhase section */
		2E90F1FE22B45F060086EFBC /* Sources */ = {
			isa = PBXSourcesBuildPhase;
			buildActionMask = 2147483647;
			files = (
				2E90F20C22B45F060086EFBC /* GameScene.swift in Sources */,
				2E90F20E22B45F060086EFBC /* GameViewController.swift in Sources */,
				2E90F20622B45F060086EFBC /* AppDelegate.swift in Sources */,
			);
			runOnlyForDeploymentPostprocessing = 0;
		};
/* End PBXSourcesBuildPhase section */

/* Begin PBXVariantGroup section */
		2E90F20F22B45F060086EFBC /* Main.storyboard */ = {
			isa = PBXVariantGroup;
			children = (
				2E90F21022B45F060086EFBC /* Base */,
			);
			name = Main.storyboard;
			sourceTree = "<group>";
		};
		2E90F21422B45F080086EFBC /* LaunchScreen.storyboard */ = {
			isa = PBXVariantGroup;
			children = (
				2E90F21522B45F080086EFBC /* Base */,
			);
			name = LaunchScreen.storyboard;
			sourceTree = "<group>";
		};
/* End PBXVariantGroup section */

/* Begin XCBuildConfiguration section */
		2E90F21822B45F080086EFBC /* Debug */ = {
			isa = XCBuildConfiguration;
			buildSettings = {
				ALWAYS_SEARCH_USER_PATHS = NO;
				CLANG_ANALYZER_NONNULL = YES;
				CLANG_ANALYZER_NUMBER_OBJECT_CONVERSION = YES_AGGRESSIVE;
				CLANG_CXX_LANGUAGE_STANDARD = "gnu++14";
				CLANG_CXX_LIBRARY = "libc++";
				CLANG_ENABLE_MODULES = YES;
				CLANG_ENABLE_OBJC_ARC = YES;
				CLANG_ENABLE_OBJC_WEAK = YES;
				CLANG_WARN_BLOCK_CAPTURE_AUTORELEASING = YES;
				CLANG_WARN_BOOL_CONVERSION = YES;
				CLANG_WARN_COMMA = YES;
				CLANG_WARN_CONSTANT_CONVERSION = YES;
				CLANG_WARN_DEPRECATED_OBJC_IMPLEMENTATIONS = YES;
				CLANG_WARN_DIRECT_OBJC_ISA_USAGE = YES_ERROR;
				CLANG_WARN_DOCUMENTATION_COMMENTS = YES;
				CLANG_WARN_EMPTY_BODY = YES;
				CLANG_WARN_ENUM_CONVERSION = YES;
				CLANG_WARN_INFINITE_RECURSION = YES;
				CLANG_WARN_INT_CONVERSION = YES;
				CLANG_WARN_NON_LITERAL_NULL_CONVERSION = YES;
				CLANG_WARN_OBJC_IMPLICIT_RETAIN_SELF = YES;
				CLANG_WARN_OBJC_LITERAL_CONVERSION = YES;
				CLANG_WARN_OBJC_ROOT_CLASS = YES_ERROR;
				CLANG_WARN_RANGE_LOOP_ANALYSIS = YES;
				CLANG_WARN_STRICT_PROTOTYPES = YES;
				CLANG_WARN_SUSPICIOUS_MOVE = YES;
				CLANG_WARN_UNGUARDED_AVAILABILITY = YES_AGGRESSIVE;
				CLANG_WARN_UNREACHABLE_CODE = YES;
				CLANG_WARN__DUPLICATE_METHOD_MATCH = YES;
				CODE_SIGN_IDENTITY = "iPhone Developer";
				COPY_PHASE_STRIP = NO;
				DEBUG_INFORMATION_FORMAT = dwarf;
				ENABLE_STRICT_OBJC_MSGSEND = YES;
				ENABLE_TESTABILITY = YES;
				GCC_C_LANGUAGE_STANDARD = gnu11;
				GCC_DYNAMIC_NO_PIC = NO;
				GCC_NO_COMMON_BLOCKS = YES;
				GCC_OPTIMIZATION_LEVEL = 0;
				GCC_PREPROCESSOR_DEFINITIONS = (
					"DEBUG=1",
					"$(inherited)",
				);
				GCC_WARN_64_TO_32_BIT_CONVERSION = YES;
				GCC_WARN_ABOUT_RETURN_TYPE = YES_ERROR;
				GCC_WARN_UNDECLARED_SELECTOR = YES;
				GCC_WARN_UNINITIALIZED_AUTOS = YES_AGGRESSIVE;
				GCC_WARN_UNUSED_FUNCTION = YES;
				GCC_WARN_UNUSED_VARIABLE = YES;
				IPHONEOS_DEPLOYMENT_TARGET = 12.2;
				MTL_ENABLE_DEBUG_INFO = INCLUDE_SOURCE;
				MTL_FAST_MATH = YES;
				ONLY_ACTIVE_ARCH = YES;
				SDKROOT = iphoneos;
				SWIFT_ACTIVE_COMPILATION_CONDITIONS = DEBUG;
				SWIFT_OPTIMIZATION_LEVEL = "-Onone";
			};
			name = Debug;
		};
		2E90F21922B45F080086EFBC /* Release */ = {
			isa = XCBuildConfiguration;
			buildSettings = {
				ALWAYS_SEARCH_USER_PATHS = NO;
				CLANG_ANALYZER_NONNULL = YES;
				CLANG_ANALYZER_NUMBER_OBJECT_CONVERSION = YES_AGGRESSIVE;
				CLANG_CXX_LANGUAGE_STANDARD = "gnu++14";
				CLANG_CXX_LIBRARY = "libc++";
				CLANG_ENABLE_MODULES = YES;
				CLANG_ENABLE_OBJC_ARC = YES;
				CLANG_ENABLE_OBJC_WEAK = YES;
				CLANG_WARN_BLOCK_CAPTURE_AUTORELEASING = YES;
				CLANG_WARN_BOOL_CONVERSION = YES;
				CLANG_WARN_COMMA = YES;
				CLANG_WARN_CONSTANT_CONVERSION = YES;
				CLANG_WARN_DEPRECATED_OBJC_IMPLEMENTATIONS = YES;
				CLANG_WARN_DIRECT_OBJC_ISA_USAGE = YES_ERROR;
				CLANG_WARN_DOCUMENTATION_COMMENTS = YES;
				CLANG_WARN_EMPTY_BODY = YES;
				CLANG_WARN_ENUM_CONVERSION = YES;
				CLANG_WARN_INFINITE_RECURSION = YES;
				CLANG_WARN_INT_CONVERSION = YES;
				CLANG_WARN_NON_LITERAL_NULL_CONVERSION = YES;
				CLANG_WARN_OBJC_IMPLICIT_RETAIN_SELF = YES;
				CLANG_WARN_OBJC_LITERAL_CONVERSION = YES;
				CLANG_WARN_OBJC_ROOT_CLASS = YES_ERROR;
				CLANG_WARN_RANGE_LOOP_ANALYSIS = YES;
				CLANG_WARN_STRICT_PROTOTYPES = YES;
				CLANG_WARN_SUSPICIOUS_MOVE = YES;
				CLANG_WARN_UNGUARDED_AVAILABILITY = YES_AGGRESSIVE;
				CLANG_WARN_UNREACHABLE_CODE = YES;
				CLANG_WARN__DUPLICATE_METHOD_MATCH = YES;
				CODE_SIGN_IDENTITY = "iPhone Developer";
				COPY_PHASE_STRIP = NO;
				DEBUG_INFORMATION_FORMAT = "dwarf-with-dsym";
				ENABLE_NS_ASSERTIONS = NO;
				ENABLE_STRICT_OBJC_MSGSEND = YES;
				GCC_C_LANGUAGE_STANDARD = gnu11;
				GCC_NO_COMMON_BLOCKS = YES;
				GCC_WARN_64_TO_32_BIT_CONVERSION = YES;
				GCC_WARN_ABOUT_RETURN_TYPE = YES_ERROR;
				GCC_WARN_UNDECLARED_SELECTOR = YES;
				GCC_WARN_UNINITIALIZED_AUTOS = YES_AGGRESSIVE;
				GCC_WARN_UNUSED_FUNCTION = YES;
				GCC_WARN_UNUSED_VARIABLE = YES;
				IPHONEOS_DEPLOYMENT_TARGET = 12.2;
				MTL_ENABLE_DEBUG_INFO = NO;
				MTL_FAST_MATH = YES;
				SDKROOT = iphoneos;
				SWIFT_COMPILATION_MODE = wholemodule;
				SWIFT_OPTIMIZATION_LEVEL = "-O";
				VALIDATE_PRODUCT = YES;
			};
			name = Release;
		};
		2E90F21B22B45F080086EFBC /* Debug */ = {
			isa = XCBuildConfiguration;
			buildSettings = {
				ASSETCATALOG_COMPILER_APPICON_NAME = AppIcon;
				CODE_SIGN_STYLE = Automatic;
				DEVELOPMENT_TEAM = 2884XZJMX9;
				INFOPLIST_FILE = "Project26-Challenges/Info.plist";
				LD_RUNPATH_SEARCH_PATHS = (
					"$(inherited)",
					"@executable_path/Frameworks",
				);
				PRODUCT_BUNDLE_IDENTIFIER = "com.weirupcorp.Project26-Challenges";
				PRODUCT_NAME = "$(TARGET_NAME)";
				SWIFT_VERSION = 5.0;
				TARGETED_DEVICE_FAMILY = 2;
			};
			name = Debug;
		};
		2E90F21C22B45F080086EFBC /* Release */ = {
			isa = XCBuildConfiguration;
			buildSettings = {
				ASSETCATALOG_COMPILER_APPICON_NAME = AppIcon;
				CODE_SIGN_STYLE = Automatic;
				DEVELOPMENT_TEAM = 2884XZJMX9;
				INFOPLIST_FILE = "Project26-Challenges/Info.plist";
				LD_RUNPATH_SEARCH_PATHS = (
					"$(inherited)",
					"@executable_path/Frameworks",
				);
				PRODUCT_BUNDLE_IDENTIFIER = "com.weirupcorp.Project26-Challenges";
				PRODUCT_NAME = "$(TARGET_NAME)";
				SWIFT_VERSION = 5.0;
				TARGETED_DEVICE_FAMILY = 2;
			};
			name = Release;
		};
/* End XCBuildConfiguration section */

/* Begin XCConfigurationList section */
		2E90F1FD22B45F060086EFBC /* Build configuration list for PBXProject "Project26" */ = {
			isa = XCConfigurationList;
			buildConfigurations = (
				2E90F21822B45F080086EFBC /* Debug */,
				2E90F21922B45F080086EFBC /* Release */,
			);
			defaultConfigurationIsVisible = 0;
			defaultConfigurationName = Release;
		};
		2E90F21A22B45F080086EFBC /* Build configuration list for PBXNativeTarget "Project26" */ = {
			isa = XCConfigurationList;
			buildConfigurations = (
				2E90F21B22B45F080086EFBC /* Debug */,
				2E90F21C22B45F080086EFBC /* Release */,
			);
			defaultConfigurationIsVisible = 0;
			defaultConfigurationName = Release;
		};
/* End XCConfigurationList section */
	};
	rootObject = 2E90F1FA22B45F060086EFBC /* Project object */;
}
