// !$*UTF8*$!
{
	archiveVersion = 1;
	classes = {
	};
	objectVersion = 50;
	objects = {

/* Begin PBXBuildFile section */
		14039366226C16CA00054994 /* AppDelegate.swift in Sources */ = {isa = PBXBuildFile; fileRef = 14039365226C16CA00054994 /* AppDelegate.swift */; };
		14039368226C16CA00054994 /* ViewController.swift in Sources */ = {isa = PBXBuildFile; fileRef = 14039367226C16CA00054994 /* ViewController.swift */; };
		1403936B226C16CA00054994 /* Main.storyboard in Resources */ = {isa = PBXBuildFile; fileRef = 14039369226C16CA00054994 /* Main.storyboard */; };
		1403936D226C16CD00054994 /* Assets.xcassets in Resources */ = {isa = PBXBuildFile; fileRef = 1403936C226C16CD00054994 /* Assets.xcassets */; };
		14039370226C16CD00054994 /* LaunchScreen.storyboard in Resources */ = {isa = PBXBuildFile; fileRef = 1403936E226C16CD00054994 /* LaunchScreen.storyboard */; };
		14039378226C16ED00054994 /* Country.swift in Sources */ = {isa = PBXBuildFile; fileRef = 14039377226C16ED00054994 /* Country.swift */; };
		1403937E226C210D00054994 /* DetailViewController.swift in Sources */ = {isa = PBXBuildFile; fileRef = 1403937D226C210D00054994 /* DetailViewController.swift */; };
		14039380226C28C700054994 /* DetailTableViewCell.swift in Sources */ = {isa = PBXBuildFile; fileRef = 1403937F226C28C700054994 /* DetailTableViewCell.swift */; };
		14039383226C2B2E00054994 /* WebKit.framework in Frameworks */ = {isa = PBXBuildFile; fileRef = 14039382226C2B2E00054994 /* WebKit.framework */; };
/* End PBXBuildFile section */

/* Begin PBXFileReference section */
		14039362226C16CA00054994 /* Consolidation6.app */ = {isa = PBXFileReference; explicitFileType = wrapper.application; includeInIndex = 0; path = Consolidation6.app; sourceTree = BUILT_PRODUCTS_DIR; };
		14039365226C16CA00054994 /* AppDelegate.swift */ = {isa = PBXFileReference; lastKnownFileType = sourcecode.swift; path = AppDelegate.swift; sourceTree = "<group>"; };
		14039367226C16CA00054994 /* ViewController.swift */ = {isa = PBXFileReference; lastKnownFileType = sourcecode.swift; path = ViewController.swift; sourceTree = "<group>"; };
		1403936A226C16CA00054994 /* Base */ = {isa = PBXFileReference; lastKnownFileType = file.storyboard; name = Base; path = Base.lproj/Main.storyboard; sourceTree = "<group>"; };
		1403936C226C16CD00054994 /* Assets.xcassets */ = {isa = PBXFileReference; lastKnownFileType = folder.assetcatalog; path = Assets.xcassets; sourceTree = "<group>"; };
		1403936F226C16CD00054994 /* Base */ = {isa = PBXFileReference; lastKnownFileType = file.storyboard; name = Base; path = Base.lproj/LaunchScreen.storyboard; sourceTree = "<group>"; };
		14039371226C16CD00054994 /* Info.plist */ = {isa = PBXFileReference; lastKnownFileType = text.plist.xml; path = Info.plist; sourceTree = "<group>"; };
		14039377226C16ED00054994 /* Country.swift */ = {isa = PBXFileReference; lastKnownFileType = sourcecode.swift; path = Country.swift; sourceTree = "<group>"; };
		1403937D226C210D00054994 /* DetailViewController.swift */ = {isa = PBXFileReference; lastKnownFileType = sourcecode.swift; path = DetailViewController.swift; sourceTree = "<group>"; };
		1403937F226C28C700054994 /* DetailTableViewCell.swift */ = {isa = PBXFileReference; lastKnownFileType = sourcecode.swift; path = DetailTableViewCell.swift; sourceTree = "<group>"; };
		14039382226C2B2E00054994 /* WebKit.framework */ = {isa = PBXFileReference; lastKnownFileType = wrapper.framework; name = WebKit.framework; path = System/Library/Frameworks/WebKit.framework; sourceTree = SDKROOT; };
/* End PBXFileReference section */

/* Begin PBXFrameworksBuildPhase section */
		1403935F226C16CA00054994 /* Frameworks */ = {
			isa = PBXFrameworksBuildPhase;
			buildActionMask = 2147483647;
			files = (
				14039383226C2B2E00054994 /* WebKit.framework in Frameworks */,
			);
			runOnlyForDeploymentPostprocessing = 0;
		};
/* End PBXFrameworksBuildPhase section */

/* Begin PBXGroup section */
		14039359226C16CA00054994 = {
			isa = PBXGroup;
			children = (
				14039364226C16CA00054994 /* Consolidation6 */,
				14039363226C16CA00054994 /* Products */,
				14039381226C2B2E00054994 /* Frameworks */,
			);
			sourceTree = "<group>";
		};
		14039363226C16CA00054994 /* Products */ = {
			isa = PBXGroup;
			children = (
				14039362226C16CA00054994 /* Consolidation6.app */,
			);
			name = Products;
			sourceTree = "<group>";
		};
		14039364226C16CA00054994 /* Consolidation6 */ = {
			isa = PBXGroup;
			children = (
				1403937A226C180D00054994 /* Helpers */,
				14039379226C17FB00054994 /* Models */,
				14039365226C16CA00054994 /* AppDelegate.swift */,
				14039367226C16CA00054994 /* ViewController.swift */,
				14039369226C16CA00054994 /* Main.storyboard */,
				1403936C226C16CD00054994 /* Assets.xcassets */,
				1403936E226C16CD00054994 /* LaunchScreen.storyboard */,
				14039371226C16CD00054994 /* Info.plist */,
				1403937D226C210D00054994 /* DetailViewController.swift */,
				1403937F226C28C700054994 /* DetailTableViewCell.swift */,
			);
			path = Consolidation6;
			sourceTree = "<group>";
		};
		14039379226C17FB00054994 /* Models */ = {
			isa = PBXGroup;
			children = (
				14039377226C16ED00054994 /* Country.swift */,
			);
			path = Models;
			sourceTree = "<group>";
		};
		1403937A226C180D00054994 /* Helpers */ = {
			isa = PBXGroup;
			children = (
			);
			path = Helpers;
			sourceTree = "<group>";
		};
		14039381226C2B2E00054994 /* Frameworks */ = {
			isa = PBXGroup;
			children = (
				14039382226C2B2E00054994 /* WebKit.framework */,
			);
			name = Frameworks;
			sourceTree = "<group>";
		};
/* End PBXGroup section */

/* Begin PBXNativeTarget section */
		14039361226C16CA00054994 /* Consolidation6 */ = {
			isa = PBXNativeTarget;
			buildConfigurationList = 14039374226C16CD00054994 /* Build configuration list for PBXNativeTarget "Consolidation6" */;
			buildPhases = (
				1403935E226C16CA00054994 /* Sources */,
				1403935F226C16CA00054994 /* Frameworks */,
				14039360226C16CA00054994 /* Resources */,
			);
			buildRules = (
			);
			dependencies = (
			);
			name = Consolidation6;
			productName = Consolidation6;
			productReference = 14039362226C16CA00054994 /* Consolidation6.app */;
			productType = "com.apple.product-type.application";
		};
/* End PBXNativeTarget section */

/* Begin PBXProject section */
		1403935A226C16CA00054994 /* Project object */ = {
			isa = PBXProject;
			attributes = {
				LastSwiftUpdateCheck = 1020;
				LastUpgradeCheck = 1020;
				ORGANIZATIONNAME = "Weirup, Chris";
				TargetAttributes = {
					14039361226C16CA00054994 = {
						CreatedOnToolsVersion = 10.2.1;
					};
				};
			};
			buildConfigurationList = 1403935D226C16CA00054994 /* Build configuration list for PBXProject "Consolidation6" */;
			compatibilityVersion = "Xcode 9.3";
			developmentRegion = en;
			hasScannedForEncodings = 0;
			knownRegions = (
				en,
				Base,
			);
			mainGroup = 14039359226C16CA00054994;
			productRefGroup = 14039363226C16CA00054994 /* Products */;
			projectDirPath = "";
			projectRoot = "";
			targets = (
				14039361226C16CA00054994 /* Consolidation6 */,
			);
		};
/* End PBXProject section */

/* Begin PBXResourcesBuildPhase section */
		14039360226C16CA00054994 /* Resources */ = {
			isa = PBXResourcesBuildPhase;
			buildActionMask = 2147483647;
			files = (
				14039370226C16CD00054994 /* LaunchScreen.storyboard in Resources */,
				1403936D226C16CD00054994 /* Assets.xcassets in Resources */,
				1403936B226C16CA00054994 /* Main.storyboard in Resources */,
			);
			runOnlyForDeploymentPostprocessing = 0;
		};
/* End PBXResourcesBuildPhase section */

/* Begin PBXSourcesBuildPhase section */
		1403935E226C16CA00054994 /* Sources */ = {
			isa = PBXSourcesBuildPhase;
			buildActionMask = 2147483647;
			files = (
				14039368226C16CA00054994 /* ViewController.swift in Sources */,
				14039378226C16ED00054994 /* Country.swift in Sources */,
				14039366226C16CA00054994 /* AppDelegate.swift in Sources */,
				14039380226C28C700054994 /* DetailTableViewCell.swift in Sources */,
				1403937E226C210D00054994 /* DetailViewController.swift in Sources */,
			);
			runOnlyForDeploymentPostprocessing = 0;
		};
/* End PBXSourcesBuildPhase section */

/* Begin PBXVariantGroup section */
		14039369226C16CA00054994 /* Main.storyboard */ = {
			isa = PBXVariantGroup;
			children = (
				1403936A226C16CA00054994 /* Base */,
			);
			name = Main.storyboard;
			sourceTree = "<group>";
		};
		1403936E226C16CD00054994 /* LaunchScreen.storyboard */ = {
			isa = PBXVariantGroup;
			children = (
				1403936F226C16CD00054994 /* Base */,
			);
			name = LaunchScreen.storyboard;
			sourceTree = "<group>";
		};
/* End PBXVariantGroup section */

/* Begin XCBuildConfiguration section */
		14039372226C16CD00054994 /* Debug */ = {
			isa = XCBuildConfiguration;
			buildSettings = {
				ALWAYS_SEARCH_USER_PATHS = NO;
				CLANG_ANALYZER_NONNULL = YES;
				CLANG_ANALYZER_NUMBER_OBJECT_CONVERSION = YES_AGGRESSIVE;
				CLANG_CXX_LANGUAGE_STANDARD = "gnu++14";
				CLANG_CXX_LIBRARY = "libc++";
				CLANG_ENABLE_MODULES = YES;
				CLANG_ENABLE_OBJC_ARC = YES;
				CLANG_ENABLE_OBJC_WEAK = YES;
				CLANG_WARN_BLOCK_CAPTURE_AUTORELEASING = YES;
				CLANG_WARN_BOOL_CONVERSION = YES;
				CLANG_WARN_COMMA = YES;
				CLANG_WARN_CONSTANT_CONVERSION = YES;
				CLANG_WARN_DEPRECATED_OBJC_IMPLEMENTATIONS = YES;
				CLANG_WARN_DIRECT_OBJC_ISA_USAGE = YES_ERROR;
				CLANG_WARN_DOCUMENTATION_COMMENTS = YES;
				CLANG_WARN_EMPTY_BODY = YES;
				CLANG_WARN_ENUM_CONVERSION = YES;
				CLANG_WARN_INFINITE_RECURSION = YES;
				CLANG_WARN_INT_CONVERSION = YES;
				CLANG_WARN_NON_LITERAL_NULL_CONVERSION = YES;
				CLANG_WARN_OBJC_IMPLICIT_RETAIN_SELF = YES;
				CLANG_WARN_OBJC_LITERAL_CONVERSION = YES;
				CLANG_WARN_OBJC_ROOT_CLASS = YES_ERROR;
				CLANG_WARN_RANGE_LOOP_ANALYSIS = YES;
				CLANG_WARN_STRICT_PROTOTYPES = YES;
				CLANG_WARN_SUSPICIOUS_MOVE = YES;
				CLANG_WARN_UNGUARDED_AVAILABILITY = YES_AGGRESSIVE;
				CLANG_WARN_UNREACHABLE_CODE = YES;
				CLANG_WARN__DUPLICATE_METHOD_MATCH = YES;
				CODE_SIGN_IDENTITY = "iPhone Developer";
				COPY_PHASE_STRIP = NO;
				DEBUG_INFORMATION_FORMAT = dwarf;
				ENABLE_STRICT_OBJC_MSGSEND = YES;
				ENABLE_TESTABILITY = YES;
				GCC_C_LANGUAGE_STANDARD = gnu11;
				GCC_DYNAMIC_NO_PIC = NO;
				GCC_NO_COMMON_BLOCKS = YES;
				GCC_OPTIMIZATION_LEVEL = 0;
				GCC_PREPROCESSOR_DEFINITIONS = (
					"DEBUG=1",
					"$(inherited)",
				);
				GCC_WARN_64_TO_32_BIT_CONVERSION = YES;
				GCC_WARN_ABOUT_RETURN_TYPE = YES_ERROR;
				GCC_WARN_UNDECLARED_SELECTOR = YES;
				GCC_WARN_UNINITIALIZED_AUTOS = YES_AGGRESSIVE;
				GCC_WARN_UNUSED_FUNCTION = YES;
				GCC_WARN_UNUSED_VARIABLE = YES;
				IPHONEOS_DEPLOYMENT_TARGET = 12.2;
				MTL_ENABLE_DEBUG_INFO = INCLUDE_SOURCE;
				MTL_FAST_MATH = YES;
				ONLY_ACTIVE_ARCH = YES;
				SDKROOT = iphoneos;
				SWIFT_ACTIVE_COMPILATION_CONDITIONS = DEBUG;
				SWIFT_OPTIMIZATION_LEVEL = "-Onone";
			};
			name = Debug;
		};
		14039373226C16CD00054994 /* Release */ = {
			isa = XCBuildConfiguration;
			buildSettings = {
				ALWAYS_SEARCH_USER_PATHS = NO;
				CLANG_ANALYZER_NONNULL = YES;
				CLANG_ANALYZER_NUMBER_OBJECT_CONVERSION = YES_AGGRESSIVE;
				CLANG_CXX_LANGUAGE_STANDARD = "gnu++14";
				CLANG_CXX_LIBRARY = "libc++";
				CLANG_ENABLE_MODULES = YES;
				CLANG_ENABLE_OBJC_ARC = YES;
				CLANG_ENABLE_OBJC_WEAK = YES;
				CLANG_WARN_BLOCK_CAPTURE_AUTORELEASING = YES;
				CLANG_WARN_BOOL_CONVERSION = YES;
				CLANG_WARN_COMMA = YES;
				CLANG_WARN_CONSTANT_CONVERSION = YES;
				CLANG_WARN_DEPRECATED_OBJC_IMPLEMENTATIONS = YES;
				CLANG_WARN_DIRECT_OBJC_ISA_USAGE = YES_ERROR;
				CLANG_WARN_DOCUMENTATION_COMMENTS = YES;
				CLANG_WARN_EMPTY_BODY = YES;
				CLANG_WARN_ENUM_CONVERSION = YES;
				CLANG_WARN_INFINITE_RECURSION = YES;
				CLANG_WARN_INT_CONVERSION = YES;
				CLANG_WARN_NON_LITERAL_NULL_CONVERSION = YES;
				CLANG_WARN_OBJC_IMPLICIT_RETAIN_SELF = YES;
				CLANG_WARN_OBJC_LITERAL_CONVERSION = YES;
				CLANG_WARN_OBJC_ROOT_CLASS = YES_ERROR;
				CLANG_WARN_RANGE_LOOP_ANALYSIS = YES;
				CLANG_WARN_STRICT_PROTOTYPES = YES;
				CLANG_WARN_SUSPICIOUS_MOVE = YES;
				CLANG_WARN_UNGUARDED_AVAILABILITY = YES_AGGRESSIVE;
				CLANG_WARN_UNREACHABLE_CODE = YES;
				CLANG_WARN__DUPLICATE_METHOD_MATCH = YES;
				CODE_SIGN_IDENTITY = "iPhone Developer";
				COPY_PHASE_STRIP = NO;
				DEBUG_INFORMATION_FORMAT = "dwarf-with-dsym";
				ENABLE_NS_ASSERTIONS = NO;
				ENABLE_STRICT_OBJC_MSGSEND = YES;
				GCC_C_LANGUAGE_STANDARD = gnu11;
				GCC_NO_COMMON_BLOCKS = YES;
				GCC_WARN_64_TO_32_BIT_CONVERSION = YES;
				GCC_WARN_ABOUT_RETURN_TYPE = YES_ERROR;
				GCC_WARN_UNDECLARED_SELECTOR = YES;
				GCC_WARN_UNINITIALIZED_AUTOS = YES_AGGRESSIVE;
				GCC_WARN_UNUSED_FUNCTION = YES;
				GCC_WARN_UNUSED_VARIABLE = YES;
				IPHONEOS_DEPLOYMENT_TARGET = 12.2;
				MTL_ENABLE_DEBUG_INFO = NO;
				MTL_FAST_MATH = YES;
				SDKROOT = iphoneos;
				SWIFT_COMPILATION_MODE = wholemodule;
				SWIFT_OPTIMIZATION_LEVEL = "-O";
				VALIDATE_PRODUCT = YES;
			};
			name = Release;
		};
		14039375226C16CD00054994 /* Debug */ = {
			isa = XCBuildConfiguration;
			buildSettings = {
				ASSETCATALOG_COMPILER_APPICON_NAME = AppIcon;
				CODE_SIGN_STYLE = Automatic;
				DEVELOPMENT_TEAM = 2884XZJMX9;
				INFOPLIST_FILE = Consolidation6/Info.plist;
				LD_RUNPATH_SEARCH_PATHS = (
					"$(inherited)",
					"@executable_path/Frameworks",
				);
				PRODUCT_BUNDLE_IDENTIFIER = com.weirupslm.Consolidation6;
				PRODUCT_NAME = "$(TARGET_NAME)";
				SWIFT_VERSION = 5.0;
				TARGETED_DEVICE_FAMILY = "1,2";
			};
			name = Debug;
		};
		14039376226C16CD00054994 /* Release */ = {
			isa = XCBuildConfiguration;
			buildSettings = {
				ASSETCATALOG_COMPILER_APPICON_NAME = AppIcon;
				CODE_SIGN_STYLE = Automatic;
				DEVELOPMENT_TEAM = 2884XZJMX9;
				INFOPLIST_FILE = Consolidation6/Info.plist;
				LD_RUNPATH_SEARCH_PATHS = (
					"$(inherited)",
					"@executable_path/Frameworks",
				);
				PRODUCT_BUNDLE_IDENTIFIER = com.weirupslm.Consolidation6;
				PRODUCT_NAME = "$(TARGET_NAME)";
				SWIFT_VERSION = 5.0;
				TARGETED_DEVICE_FAMILY = "1,2";
			};
			name = Release;
		};
/* End XCBuildConfiguration section */

/* Begin XCConfigurationList section */
		1403935D226C16CA00054994 /* Build configuration list for PBXProject "Consolidation6" */ = {
			isa = XCConfigurationList;
			buildConfigurations = (
				14039372226C16CD00054994 /* Debug */,
				14039373226C16CD00054994 /* Release */,
			);
			defaultConfigurationIsVisible = 0;
			defaultConfigurationName = Release;
		};
		14039374226C16CD00054994 /* Build configuration list for PBXNativeTarget "Consolidation6" */ = {
			isa = XCConfigurationList;
			buildConfigurations = (
				14039375226C16CD00054994 /* Debug */,
				14039376226C16CD00054994 /* Release */,
			);
			defaultConfigurationIsVisible = 0;
			defaultConfigurationName = Release;
		};
/* End XCConfigurationList section */
	};
	rootObject = 1403935A226C16CA00054994 /* Project object */;
}
